{
    "_readme": [
        "This file locks the dependencies of your project to a known state",
        "Read more about it at https://getcomposer.org/doc/01-basic-usage.md#composer-lock-the-lock-file",
        "This file is @generated automatically"
    ],
    "content-hash": "023dc21067c41009c84b89f997f3d541",
    "packages": [
        {
            "name": "amortsai/magicbox",
            "version": "dev-master",
            "dist": {
                "type": "path",
                "url": "/Users/Amor/Home/myMagicBox/src",
                "reference": "10e53a0f36f8ee3e6a67c92a06251cbee2ad67c0",
                "shasum": null
            },
            "type": "library",
            "license": [
                "MIT"
            ],
            "authors": [
                {
                    "name": "amortsai",
                    "email": "amor.c@qq.com"
                }
            ],
            "description": "amor's magic box"
        }
    ],
    "packages-dev": [],
    "aliases": [],
    "minimum-stability": "dev",
    "stability-flags": {
        "amortsai/magicbox": 20
    },
    "prefer-stable": false,
    "prefer-lowest": false,
    "platform": [],
    "platform-dev": []
}
